
Microsoft Visual Studio Solution File, Format Version 12.00
# Visual Studio Version 16
VisualStudioVersion = 16.0.30128.36
MinimumVisualStudioVersion = 10.0.40219.1
Project("{FAE04EC0-301F-11D3-BF4B-00C04F79EFBC}") = "NuskeReports", "NuskeReports\NuskeReports.csproj", "{95B16309-B436-4D20-AD54-101E023F906E}"
EndProject
Global
	GlobalSection(SolutionConfigurationPlatforms) = preSolution
		Debug|Any CPU = Debug|Any CPU
		Release|Any CPU = Release|Any CPU
	EndGlobalSection
	GlobalSection(ProjectConfigurationPlatforms) = postSolution
		{95B16309-B436-4D20-AD54-101E023F906E}.Debug|Any CPU.ActiveCfg = Debug|Any CPU
		{95B16309-B436-4D20-AD54-101E023F906E}.Debug|Any CPU.Build.0 = Debug|Any CPU
		{95B16309-B436-4D20-AD54-101E023F906E}.Release|Any CPU.ActiveCfg = Release|Any CPU
		{95B16309-B436-4D20-AD54-101E023F906E}.Release|Any CPU.Build.0 = Release|Any CPU
	EndGlobalSection
	GlobalSection(SolutionProperties) = preSolution
		HideSolutionNode = FALSE
	EndGlobalSection
	GlobalSection(ExtensibilityGlobals) = postSolution
		SolutionGuid = {22444E67-8A4F-4FD3-A17E-4E7FB7FAF8FD}
	EndGlobalSection
EndGlobal
